// !$*UTF8*$!
{
	archiveVersion = 1;
	classes = {
	};
	objectVersion = 55;
	objects = {

/* Begin PBXBuildFile section */
		491892EA2732A0F000C72355 /* AppDelegate.swift in Sources */ = {isa = PBXBuildFile; fileRef = 491892E92732A0F000C72355 /* AppDelegate.swift */; };
		491892EC2732A0F000C72355 /* SceneDelegate.swift in Sources */ = {isa = PBXBuildFile; fileRef = 491892EB2732A0F000C72355 /* SceneDelegate.swift */; };
		491892EE2732A0F000C72355 /* ViewController.swift in Sources */ = {isa = PBXBuildFile; fileRef = 491892ED2732A0F000C72355 /* ViewController.swift */; };
		491892F32732A0F100C72355 /* Assets.xcassets in Resources */ = {isa = PBXBuildFile; fileRef = 491892F22732A0F100C72355 /* Assets.xcassets */; };
		491892F62732A0F100C72355 /* LaunchScreen.storyboard in Resources */ = {isa = PBXBuildFile; fileRef = 491892F42732A0F100C72355 /* LaunchScreen.storyboard */; };
		495ED84B2732D35A00339B7F /* Person.swift in Sources */ = {isa = PBXBuildFile; fileRef = 495ED84A2732D35A00339B7F /* Person.swift */; };
		A09242CD797ACEBC2090C29F /* libPods-EightShadesOfBrownScin.a in Frameworks */ = {isa = PBXBuildFile; fileRef = 6E4B6C915B8C2EF74869C14E /* libPods-EightShadesOfBrownScin.a */; };
/* End PBXBuildFile section */

/* Begin PBXFileReference section */
		156CF736106B1DC5F017DAB4 /* Pods-EightShadesOfBrownScin.release.xcconfig */ = {isa = PBXFileReference; includeInIndex = 1; lastKnownFileType = text.xcconfig; name = "Pods-EightShadesOfBrownScin.release.xcconfig"; path = "Target Support Files/Pods-EightShadesOfBrownScin/Pods-EightShadesOfBrownScin.release.xcconfig"; sourceTree = "<group>"; };
		355AE5F607F2755AE947F0BC /* Pods-EightShadesOfBrownScin.debug.xcconfig */ = {isa = PBXFileReference; includeInIndex = 1; lastKnownFileType = text.xcconfig; name = "Pods-EightShadesOfBrownScin.debug.xcconfig"; path = "Target Support Files/Pods-EightShadesOfBrownScin/Pods-EightShadesOfBrownScin.debug.xcconfig"; sourceTree = "<group>"; };
		491892E62732A0F000C72355 /* EightShadesOfBrownScin.app */ = {isa = PBXFileReference; explicitFileType = wrapper.application; includeInIndex = 0; path = EightShadesOfBrownScin.app; sourceTree = BUILT_PRODUCTS_DIR; };
		491892E92732A0F000C72355 /* AppDelegate.swift */ = {isa = PBXFileReference; lastKnownFileType = sourcecode.swift; path = AppDelegate.swift; sourceTree = "<group>"; };
		491892EB2732A0F000C72355 /* SceneDelegate.swift */ = {isa = PBXFileReference; lastKnownFileType = sourcecode.swift; path = SceneDelegate.swift; sourceTree = "<group>"; };
		491892ED2732A0F000C72355 /* ViewController.swift */ = {isa = PBXFileReference; lastKnownFileType = sourcecode.swift; path = ViewController.swift; sourceTree = "<group>"; };
		491892F22732A0F100C72355 /* Assets.xcassets */ = {isa = PBXFileReference; lastKnownFileType = folder.assetcatalog; path = Assets.xcassets; sourceTree = "<group>"; };
		491892F52732A0F100C72355 /* Base */ = {isa = PBXFileReference; lastKnownFileType = file.storyboard; name = Base; path = Base.lproj/LaunchScreen.storyboard; sourceTree = "<group>"; };
		491892F72732A0F100C72355 /* Info.plist */ = {isa = PBXFileReference; lastKnownFileType = text.plist.xml; path = Info.plist; sourceTree = "<group>"; };
		495ED84A2732D35A00339B7F /* Person.swift */ = {isa = PBXFileReference; lastKnownFileType = sourcecode.swift; path = Person.swift; sourceTree = "<group>"; };
		6E4B6C915B8C2EF74869C14E /* libPods-EightShadesOfBrownScin.a */ = {isa = PBXFileReference; explicitFileType = archive.ar; includeInIndex = 0; path = "libPods-EightShadesOfBrownScin.a"; sourceTree = BUILT_PRODUCTS_DIR; };
/* End PBXFileReference section */

/* Begin PBXFrameworksBuildPhase section */
		491892E32732A0F000C72355 /* Frameworks */ = {
			isa = PBXFrameworksBuildPhase;
			buildActionMask = 2147483647;
			files = (
				A09242CD797ACEBC2090C29F /* libPods-EightShadesOfBrownScin.a in Frameworks */,
			);
			runOnlyForDeploymentPostprocessing = 0;
		};
/* End PBXFrameworksBuildPhase section */

/* Begin PBXGroup section */
		491892DD2732A0F000C72355 = {
			isa = PBXGroup;
			children = (
				491892E82732A0F000C72355 /* EightShadesOfBrownScin */,
				491892E72732A0F000C72355 /* Products */,
				6F1F01414617C82C9AC7DBA6 /* Pods */,
				F70E1495114453337EB58384 /* Frameworks */,
			);
			sourceTree = "<group>";
		};
		491892E72732A0F000C72355 /* Products */ = {
			isa = PBXGroup;
			children = (
				491892E62732A0F000C72355 /* EightShadesOfBrownScin.app */,
			);
			name = Products;
			sourceTree = "<group>";
		};
		491892E82732A0F000C72355 /* EightShadesOfBrownScin */ = {
			isa = PBXGroup;
			children = (
				491892E92732A0F000C72355 /* AppDelegate.swift */,
				491892EB2732A0F000C72355 /* SceneDelegate.swift */,
				491892ED2732A0F000C72355 /* ViewController.swift */,
				491892F22732A0F100C72355 /* Assets.xcassets */,
				491892F42732A0F100C72355 /* LaunchScreen.storyboard */,
				491892F72732A0F100C72355 /* Info.plist */,
				495ED84A2732D35A00339B7F /* Person.swift */,
			);
			path = EightShadesOfBrownScin;
			sourceTree = "<group>";
		};
		6F1F01414617C82C9AC7DBA6 /* Pods */ = {
			isa = PBXGroup;
			children = (
				355AE5F607F2755AE947F0BC /* Pods-EightShadesOfBrownScin.debug.xcconfig */,
				156CF736106B1DC5F017DAB4 /* Pods-EightShadesOfBrownScin.release.xcconfig */,
			);
			path = Pods;
			sourceTree = "<group>";
		};
		F70E1495114453337EB58384 /* Frameworks */ = {
			isa = PBXGroup;
			children = (
				6E4B6C915B8C2EF74869C14E /* libPods-EightShadesOfBrownScin.a */,
			);
			name = Frameworks;
			sourceTree = "<group>";
		};
/* End PBXGroup section */

/* Begin PBXNativeTarget section */
		491892E52732A0F000C72355 /* EightShadesOfBrownScin */ = {
			isa = PBXNativeTarget;
			buildConfigurationList = 491892FA2732A0F100C72355 /* Build configuration list for PBXNativeTarget "EightShadesOfBrownScin" */;
			buildPhases = (
				59EE8E67BCD230E58376E16B /* [CP] Check Pods Manifest.lock */,
				491892E22732A0F000C72355 /* Sources */,
				491892E32732A0F000C72355 /* Frameworks */,
				491892E42732A0F000C72355 /* Resources */,
			);
			buildRules = (
			);
			dependencies = (
			);
			name = EightShadesOfBrownScin;
			productName = EightShadesOfBrownScin;
			productReference = 491892E62732A0F000C72355 /* EightShadesOfBrownScin.app */;
			productType = "com.apple.product-type.application";
		};
/* End PBXNativeTarget section */

/* Begin PBXProject section */
		491892DE2732A0F000C72355 /* Project object */ = {
			isa = PBXProject;
			attributes = {
				BuildIndependentTargetsInParallel = 1;
				LastSwiftUpdateCheck = 1300;
				LastUpgradeCheck = 1300;
				TargetAttributes = {
					491892E52732A0F000C72355 = {
						CreatedOnToolsVersion = 13.0;
					};
				};
			};
			buildConfigurationList = 491892E12732A0F000C72355 /* Build configuration list for PBXProject "EightShadesOfBrownScin" */;
			compatibilityVersion = "Xcode 13.0";
			developmentRegion = en;
			hasScannedForEncodings = 0;
			knownRegions = (
				en,
				Base,
			);
			mainGroup = 491892DD2732A0F000C72355;
			productRefGroup = 491892E72732A0F000C72355 /* Products */;
			projectDirPath = "";
			projectRoot = "";
			targets = (
				491892E52732A0F000C72355 /* EightShadesOfBrownScin */,
			);
		};
/* End PBXProject section */

/* Begin PBXResourcesBuildPhase section */
		491892E42732A0F000C72355 /* Resources */ = {
			isa = PBXResourcesBuildPhase;
			buildActionMask = 2147483647;
			files = (
				491892F62732A0F100C72355 /* LaunchScreen.storyboard in Resources */,
				491892F32732A0F100C72355 /* Assets.xcassets in Resources */,
			);
			runOnlyForDeploymentPostprocessing = 0;
		};
/* End PBXResourcesBuildPhase section */

/* Begin PBXShellScriptBuildPhase section */
		59EE8E67BCD230E58376E16B /* [CP] Check Pods Manifest.lock */ = {
			isa = PBXShellScriptBuildPhase;
			buildActionMask = 2147483647;
			files = (
			);
			inputFileListPaths = (
			);
			inputPaths = (
				"${PODS_PODFILE_DIR_PATH}/Podfile.lock",
				"${PODS_ROOT}/Manifest.lock",
			);
			name = "[CP] Check Pods Manifest.lock";
			outputFileListPaths = (
			);
			outputPaths = (
				"$(DERIVED_FILE_DIR)/Pods-EightShadesOfBrownScin-checkManifestLockResult.txt",
			);
			runOnlyForDeploymentPostprocessing = 0;
			shellPath = /bin/sh;
			shellScript = "diff \"${PODS_PODFILE_DIR_PATH}/Podfile.lock\" \"${PODS_ROOT}/Manifest.lock\" > /dev/null\nif [ $? != 0 ] ; then\n    # print error to STDERR\n    echo \"error: The sandbox is not in sync with the Podfile.lock. Run 'pod install' or update your CocoaPods installation.\" >&2\n    exit 1\nfi\n# This output is used by Xcode 'outputs' to avoid re-running this script phase.\necho \"SUCCESS\" > \"${SCRIPT_OUTPUT_FILE_0}\"\n";
			showEnvVarsInLog = 0;
		};
/* End PBXShellScriptBuildPhase section */

/* Begin PBXSourcesBuildPhase section */
		491892E22732A0F000C72355 /* Sources */ = {
			isa = PBXSourcesBuildPhase;
			buildActionMask = 2147483647;
			files = (
				491892EE2732A0F000C72355 /* ViewController.swift in Sources */,
				491892EA2732A0F000C72355 /* AppDelegate.swift in Sources */,
				495ED84B2732D35A00339B7F /* Person.swift in Sources */,
				491892EC2732A0F000C72355 /* SceneDelegate.swift in Sources */,
			);
			runOnlyForDeploymentPostprocessing = 0;
		};
/* End PBXSourcesBuildPhase section */

/* Begin PBXVariantGroup section */
		491892F42732A0F100C72355 /* LaunchScreen.storyboard */ = {
			isa = PBXVariantGroup;
			children = (
				491892F52732A0F100C72355 /* Base */,
			);
			name = LaunchScreen.storyboard;
			sourceTree = "<group>";
		};
/* End PBXVariantGroup section */

/* Begin XCBuildConfiguration section */
		491892F82732A0F100C72355 /* Debug */ = {
			isa = XCBuildConfiguration;
			buildSettings = {
				ALWAYS_SEARCH_USER_PATHS = NO;
				CLANG_ANALYZER_NONNULL = YES;
				CLANG_ANALYZER_NUMBER_OBJECT_CONVERSION = YES_AGGRESSIVE;
				CLANG_CXX_LANGUAGE_STANDARD = "gnu++17";
				CLANG_CXX_LIBRARY = "libc++";
				CLANG_ENABLE_MODULES = YES;
				CLANG_ENABLE_OBJC_ARC = YES;
				CLANG_ENABLE_OBJC_WEAK = YES;
				CLANG_WARN_BLOCK_CAPTURE_AUTORELEASING = YES;
				CLANG_WARN_BOOL_CONVERSION = YES;
				CLANG_WARN_COMMA = YES;
				CLANG_WARN_CONSTANT_CONVERSION = YES;
				CLANG_WARN_DEPRECATED_OBJC_IMPLEMENTATIONS = YES;
				CLANG_WARN_DIRECT_OBJC_ISA_USAGE = YES_ERROR;
				CLANG_WARN_DOCUMENTATION_COMMENTS = YES;
				CLANG_WARN_EMPTY_BODY = YES;
				CLANG_WARN_ENUM_CONVERSION = YES;
				CLANG_WARN_INFINITE_RECURSION = YES;
				CLANG_WARN_INT_CONVERSION = YES;
				CLANG_WARN_NON_LITERAL_NULL_CONVERSION = YES;
				CLANG_WARN_OBJC_IMPLICIT_RETAIN_SELF = YES;
				CLANG_WARN_OBJC_LITERAL_CONVERSION = YES;
				CLANG_WARN_OBJC_ROOT_CLASS = YES_ERROR;
				CLANG_WARN_QUOTED_INCLUDE_IN_FRAMEWORK_HEADER = YES;
				CLANG_WARN_RANGE_LOOP_ANALYSIS = YES;
				CLANG_WARN_STRICT_PROTOTYPES = YES;
				CLANG_WARN_SUSPICIOUS_MOVE = YES;
				CLANG_WARN_UNGUARDED_AVAILABILITY = YES_AGGRESSIVE;
				CLANG_WARN_UNREACHABLE_CODE = YES;
				CLANG_WARN__DUPLICATE_METHOD_MATCH = YES;
				COPY_PHASE_STRIP = NO;
				DEBUG_INFORMATION_FORMAT = dwarf;
				ENABLE_STRICT_OBJC_MSGSEND = YES;
				ENABLE_TESTABILITY = YES;
				GCC_C_LANGUAGE_STANDARD = gnu11;
				GCC_DYNAMIC_NO_PIC = NO;
				GCC_NO_COMMON_BLOCKS = YES;
				GCC_OPTIMIZATION_LEVEL = 0;
				GCC_PREPROCESSOR_DEFINITIONS = (
					"DEBUG=1",
					"$(inherited)",
				);
				GCC_WARN_64_TO_32_BIT_CONVERSION = YES;
				GCC_WARN_ABOUT_RETURN_TYPE = YES_ERROR;
				GCC_WARN_UNDECLARED_SELECTOR = YES;
				GCC_WARN_UNINITIALIZED_AUTOS = YES_AGGRESSIVE;
				GCC_WARN_UNUSED_FUNCTION = YES;
				GCC_WARN_UNUSED_VARIABLE = YES;
				IPHONEOS_DEPLOYMENT_TARGET = 15.0;
				MTL_ENABLE_DEBUG_INFO = INCLUDE_SOURCE;
				MTL_FAST_MATH = YES;
				ONLY_ACTIVE_ARCH = YES;
				SDKROOT = iphoneos;
				SWIFT_ACTIVE_COMPILATION_CONDITIONS = DEBUG;
				SWIFT_OPTIMIZATION_LEVEL = "-Onone";
			};
			name = Debug;
		};
		491892F92732A0F100C72355 /* Release */ = {
			isa = XCBuildConfiguration;
			buildSettings = {
				ALWAYS_SEARCH_USER_PATHS = NO;
				CLANG_ANALYZER_NONNULL = YES;
				CLANG_ANALYZER_NUMBER_OBJECT_CONVERSION = YES_AGGRESSIVE;
				CLANG_CXX_LANGUAGE_STANDARD = "gnu++17";
				CLANG_CXX_LIBRARY = "libc++";
				CLANG_ENABLE_MODULES = YES;
				CLANG_ENABLE_OBJC_ARC = YES;
				CLANG_ENABLE_OBJC_WEAK = YES;
				CLANG_WARN_BLOCK_CAPTURE_AUTORELEASING = YES;
				CLANG_WARN_BOOL_CONVERSION = YES;
				CLANG_WARN_COMMA = YES;
				CLANG_WARN_CONSTANT_CONVERSION = YES;
				CLANG_WARN_DEPRECATED_OBJC_IMPLEMENTATIONS = YES;
				CLANG_WARN_DIRECT_OBJC_ISA_USAGE = YES_ERROR;
				CLANG_WARN_DOCUMENTATION_COMMENTS = YES;
				CLANG_WARN_EMPTY_BODY = YES;
				CLANG_WARN_ENUM_CONVERSION = YES;
				CLANG_WARN_INFINITE_RECURSION = YES;
				CLANG_WARN_INT_CONVERSION = YES;
				CLANG_WARN_NON_LITERAL_NULL_CONVERSION = YES;
				CLANG_WARN_OBJC_IMPLICIT_RETAIN_SELF = YES;
				CLANG_WARN_OBJC_LITERAL_CONVERSION = YES;
				CLANG_WARN_OBJC_ROOT_CLASS = YES_ERROR;
				CLANG_WARN_QUOTED_INCLUDE_IN_FRAMEWORK_HEADER = YES;
				CLANG_WARN_RANGE_LOOP_ANALYSIS = YES;
				CLANG_WARN_STRICT_PROTOTYPES = YES;
				CLANG_WARN_SUSPICIOUS_MOVE = YES;
				CLANG_WARN_UNGUARDED_AVAILABILITY = YES_AGGRESSIVE;
				CLANG_WARN_UNREACHABLE_CODE = YES;
				CLANG_WARN__DUPLICATE_METHOD_MATCH = YES;
				COPY_PHASE_STRIP = NO;
				DEBUG_INFORMATION_FORMAT = "dwarf-with-dsym";
				ENABLE_NS_ASSERTIONS = NO;
				ENABLE_STRICT_OBJC_MSGSEND = YES;
				GCC_C_LANGUAGE_STANDARD = gnu11;
				GCC_NO_COMMON_BLOCKS = YES;
				GCC_WARN_64_TO_32_BIT_CONVERSION = YES;
				GCC_WARN_ABOUT_RETURN_TYPE = YES_ERROR;
				GCC_WARN_UNDECLARED_SELECTOR = YES;
				GCC_WARN_UNINITIALIZED_AUTOS = YES_AGGRESSIVE;
				GCC_WARN_UNUSED_FUNCTION = YES;
				GCC_WARN_UNUSED_VARIABLE = YES;
				IPHONEOS_DEPLOYMENT_TARGET = 15.0;
				MTL_ENABLE_DEBUG_INFO = NO;
				MTL_FAST_MATH = YES;
				SDKROOT = iphoneos;
				SWIFT_COMPILATION_MODE = wholemodule;
				SWIFT_OPTIMIZATION_LEVEL = "-O";
				VALIDATE_PRODUCT = YES;
			};
			name = Release;
		};
		491892FB2732A0F100C72355 /* Debug */ = {
			isa = XCBuildConfiguration;
			baseConfigurationReference = 355AE5F607F2755AE947F0BC /* Pods-EightShadesOfBrownScin.debug.xcconfig */;
			buildSettings = {
				ASSETCATALOG_COMPILER_APPICON_NAME = AppIcon;
				ASSETCATALOG_COMPILER_GLOBAL_ACCENT_COLOR_NAME = AccentColor;
				CODE_SIGN_STYLE = Automatic;
				CURRENT_PROJECT_VERSION = 1;
				GENERATE_INFOPLIST_FILE = YES;
				INFOPLIST_FILE = EightShadesOfBrownScin/Info.plist;
				INFOPLIST_KEY_UIApplicationSupportsIndirectInputEvents = YES;
				INFOPLIST_KEY_UILaunchStoryboardName = LaunchScreen;
				INFOPLIST_KEY_UISupportedInterfaceOrientations_iPad = "UIInterfaceOrientationPortrait UIInterfaceOrientationPortraitUpsideDown UIInterfaceOrientationLandscapeLeft UIInterfaceOrientationLandscapeRight";
				INFOPLIST_KEY_UISupportedInterfaceOrientations_iPhone = "UIInterfaceOrientationPortrait UIInterfaceOrientationLandscapeLeft UIInterfaceOrientationLandscapeRight";
				LD_RUNPATH_SEARCH_PATHS = (
					"$(inherited)",
					"@executable_path/Frameworks",
				);
				MARKETING_VERSION = 1.0;
				PRODUCT_BUNDLE_IDENTIFIER = com.albrecht.EightShadesOfBrownScin;
				PRODUCT_NAME = "$(TARGET_NAME)";
				SWIFT_EMIT_LOC_STRINGS = YES;
				SWIFT_VERSION = 5.0;
				TARGETED_DEVICE_FAMILY = "1,2";
			};
			name = Debug;
		};
		491892FC2732A0F100C72355 /* Release */ = {
			isa = XCBuildConfiguration;
			baseConfigurationReference = 156CF736106B1DC5F017DAB4 /* Pods-EightShadesOfBrownScin.release.xcconfig */;
			buildSettings = {
				ASSETCATALOG_COMPILER_APPICON_NAME = AppIcon;
				ASSETCATALOG_COMPILER_GLOBAL_ACCENT_COLOR_NAME = AccentColor;
				CODE_SIGN_STYLE = Automatic;
				CURRENT_PROJECT_VERSION = 1;
				GENERATE_INFOPLIST_FILE = YES;
				INFOPLIST_FILE = EightShadesOfBrownScin/Info.plist;
				INFOPLIST_KEY_UIApplicationSupportsIndirectInputEvents = YES;
				INFOPLIST_KEY_UILaunchStoryboardName = LaunchScreen;
				INFOPLIST_KEY_UISupportedInterfaceOrientations_iPad = "UIInterfaceOrientationPortrait UIInterfaceOrientationPortraitUpsideDown UIInterfaceOrientationLandscapeLeft UIInterfaceOrientationLandscapeRight";
				INFOPLIST_KEY_UISupportedInterfaceOrientations_iPhone = "UIInterfaceOrientationPortrait UIInterfaceOrientationLandscapeLeft UIInterfaceOrientationLandscapeRight";
				LD_RUNPATH_SEARCH_PATHS = (
					"$(inherited)",
					"@executable_path/Frameworks",
				);
				MARKETING_VERSION = 1.0;
				PRODUCT_BUNDLE_IDENTIFIER = com.albrecht.EightShadesOfBrownScin;
				PRODUCT_NAME = "$(TARGET_NAME)";
				SWIFT_EMIT_LOC_STRINGS = YES;
				SWIFT_VERSION = 5.0;
				TARGETED_DEVICE_FAMILY = "1,2";
			};
			name = Release;
		};
/* End XCBuildConfiguration section */

/* Begin XCConfigurationList section */
		491892E12732A0F000C72355 /* Build configuration list for PBXProject "EightShadesOfBrownScin" */ = {
			isa = XCConfigurationList;
			buildConfigurations = (
				491892F82732A0F100C72355 /* Debug */,
				491892F92732A0F100C72355 /* Release */,
			);
			defaultConfigurationIsVisible = 0;
			defaultConfigurationName = Release;
		};
		491892FA2732A0F100C72355 /* Build configuration list for PBXNativeTarget "EightShadesOfBrownScin" */ = {
			isa = XCConfigurationList;
			buildConfigurations = (
				491892FB2732A0F100C72355 /* Debug */,
				491892FC2732A0F100C72355 /* Release */,
			);
			defaultConfigurationIsVisible = 0;
			defaultConfigurationName = Release;
		};
/* End XCConfigurationList section */
	};
	rootObject = 491892DE2732A0F000C72355 /* Project object */;
}
